
Microsoft Visual Studio Solution File, Format Version 12.00
# Visual Studio 2012
Project("{FAE04EC0-301F-11D3-BF4B-00C04F79EFBC}") = "WebMuses.PME.Core", "BsdsApi\WebMuses.PME.Core.csproj", "{03388CDD-F782-4D00-A8D8-82EACB8AD1B8}"
EndProject
Project("{FAE04EC0-301F-11D3-BF4B-00C04F79EFBC}") = "WebMuses.PME.SampleConsole", "TestApp\WebMuses.PME.SampleConsole.csproj", "{7810E23D-56CD-41ED-830D-DEDDA2810A29}"
EndProject
Project("{FAE04EC0-301F-11D3-BF4B-00C04F79EFBC}") = "WebMuses.PME.Samples", "WebMuses.PME.Samples\WebMuses.PME.Samples.csproj", "{52F522AA-83B6-43DB-843B-16B7E9B5905B}"
EndProject
Project("{FAE04EC0-301F-11D3-BF4B-00C04F79EFBC}") = "WebMuses.PME.Samples2", "WebMuses.PME.Samples2\WebMuses.PME.Samples2.csproj", "{1A32D66F-5DE5-4242-B6C6-F3D9A482803B}"
EndProject
Global
	GlobalSection(SolutionConfigurationPlatforms) = preSolution
		Debug|Any CPU = Debug|Any CPU
		Release|Any CPU = Release|Any CPU
	EndGlobalSection
	GlobalSection(ProjectConfigurationPlatforms) = postSolution
		{03388CDD-F782-4D00-A8D8-82EACB8AD1B8}.Debug|Any CPU.ActiveCfg = Debug|Any CPU
		{03388CDD-F782-4D00-A8D8-82EACB8AD1B8}.Debug|Any CPU.Build.0 = Debug|Any CPU
		{03388CDD-F782-4D00-A8D8-82EACB8AD1B8}.Release|Any CPU.ActiveCfg = Release|Any CPU
		{03388CDD-F782-4D00-A8D8-82EACB8AD1B8}.Release|Any CPU.Build.0 = Release|Any CPU
		{7810E23D-56CD-41ED-830D-DEDDA2810A29}.Debug|Any CPU.ActiveCfg = Debug|Any CPU
		{7810E23D-56CD-41ED-830D-DEDDA2810A29}.Debug|Any CPU.Build.0 = Debug|Any CPU
		{7810E23D-56CD-41ED-830D-DEDDA2810A29}.Release|Any CPU.ActiveCfg = Release|Any CPU
		{7810E23D-56CD-41ED-830D-DEDDA2810A29}.Release|Any CPU.Build.0 = Release|Any CPU
		{52F522AA-83B6-43DB-843B-16B7E9B5905B}.Debug|Any CPU.ActiveCfg = Debug|Any CPU
		{52F522AA-83B6-43DB-843B-16B7E9B5905B}.Debug|Any CPU.Build.0 = Debug|Any CPU
		{52F522AA-83B6-43DB-843B-16B7E9B5905B}.Release|Any CPU.ActiveCfg = Release|Any CPU
		{52F522AA-83B6-43DB-843B-16B7E9B5905B}.Release|Any CPU.Build.0 = Release|Any CPU
		{1A32D66F-5DE5-4242-B6C6-F3D9A482803B}.Debug|Any CPU.ActiveCfg = Debug|Any CPU
		{1A32D66F-5DE5-4242-B6C6-F3D9A482803B}.Debug|Any CPU.Build.0 = Debug|Any CPU
		{1A32D66F-5DE5-4242-B6C6-F3D9A482803B}.Release|Any CPU.ActiveCfg = Release|Any CPU
		{1A32D66F-5DE5-4242-B6C6-F3D9A482803B}.Release|Any CPU.Build.0 = Release|Any CPU
	EndGlobalSection
	GlobalSection(SolutionProperties) = preSolution
		HideSolutionNode = FALSE
	EndGlobalSection
EndGlobal
